
Microsoft Visual Studio Solution File, Format Version 12.00
# Visual Studio Version 17
VisualStudioVersion = 17.5.002.0
MinimumVisualStudioVersion = 10.0.40219.1
Project("{9A19103F-16F7-4668-BE54-9A1E7A4F7556}") = "01", "01.csproj", "{D2287EEA-7746-4344-9C4E-591A492FD979}"
EndProject
Global
	GlobalSection(SolutionConfigurationPlatforms) = preSolution
		Debug|Any CPU = Debug|Any CPU
		Release|Any CPU = Release|Any CPU
	EndGlobalSection
	GlobalSection(ProjectConfigurationPlatforms) = postSolution
		{D2287EEA-7746-4344-9C4E-591A492FD979}.Debug|Any CPU.ActiveCfg = Debug|Any CPU
		{D2287EEA-7746-4344-9C4E-591A492FD979}.Debug|Any CPU.Build.0 = Debug|Any CPU
		{D2287EEA-7746-4344-9C4E-591A492FD979}.Release|Any CPU.ActiveCfg = Release|Any CPU
		{D2287EEA-7746-4344-9C4E-591A492FD979}.Release|Any CPU.Build.0 = Release|Any CPU
	EndGlobalSection
	GlobalSection(SolutionProperties) = preSolution
		HideSolutionNode = FALSE
	EndGlobalSection
	GlobalSection(ExtensibilityGlobals) = postSolution
		SolutionGuid = {779E9477-59DA-4F84-829F-5BA2DBB08DC5}
	EndGlobalSection
EndGlobal
